
Microsoft Visual Studio Solution File, Format Version 12.00
Project("{FAE04EC0-301F-11D3-BF4B-00C04F79EFBC}") = "Rest.Client", "src\rest\Rest.Client\Rest.Client.csproj", "{1CA0DD10-1E28-4CC1-9858-D42B7FB39379}"
EndProject
Project("{FAE04EC0-301F-11D3-BF4B-00C04F79EFBC}") = "Grpc.Client", "src\grpc\Grpc.Client\Grpc.Client.csproj", "{B3D894ED-CE86-4F1B-B02F-C1B91D1A79ED}"
EndProject
Project("{2150E333-8FDC-42A3-9474-1A3956D46DE8}") = "src", "src", "{66A18295-9411-4A57-86ED-78A293A221C1}"
EndProject
Project("{2150E333-8FDC-42A3-9474-1A3956D46DE8}") = "grpc", "grpc", "{FEAC36BB-1352-4995-8512-C57A4D84B3DD}"
EndProject
Project("{2150E333-8FDC-42A3-9474-1A3956D46DE8}") = "rest", "rest", "{1E0CF740-FB12-4719-BF13-22F13CC1C3D0}"
EndProject
Global
	GlobalSection(SolutionConfigurationPlatforms) = preSolution
		Debug|Any CPU = Debug|Any CPU
		Release|Any CPU = Release|Any CPU
	EndGlobalSection
	GlobalSection(ProjectConfigurationPlatforms) = postSolution
		{1CA0DD10-1E28-4CC1-9858-D42B7FB39379}.Debug|Any CPU.ActiveCfg = Debug|Any CPU
		{1CA0DD10-1E28-4CC1-9858-D42B7FB39379}.Debug|Any CPU.Build.0 = Debug|Any CPU
		{1CA0DD10-1E28-4CC1-9858-D42B7FB39379}.Release|Any CPU.ActiveCfg = Release|Any CPU
		{1CA0DD10-1E28-4CC1-9858-D42B7FB39379}.Release|Any CPU.Build.0 = Release|Any CPU
		{B3D894ED-CE86-4F1B-B02F-C1B91D1A79ED}.Debug|Any CPU.ActiveCfg = Debug|Any CPU
		{B3D894ED-CE86-4F1B-B02F-C1B91D1A79ED}.Debug|Any CPU.Build.0 = Debug|Any CPU
		{B3D894ED-CE86-4F1B-B02F-C1B91D1A79ED}.Release|Any CPU.ActiveCfg = Release|Any CPU
		{B3D894ED-CE86-4F1B-B02F-C1B91D1A79ED}.Release|Any CPU.Build.0 = Release|Any CPU
	EndGlobalSection
	GlobalSection(NestedProjects) = preSolution
		{FEAC36BB-1352-4995-8512-C57A4D84B3DD} = {66A18295-9411-4A57-86ED-78A293A221C1}
		{1E0CF740-FB12-4719-BF13-22F13CC1C3D0} = {66A18295-9411-4A57-86ED-78A293A221C1}
		{B3D894ED-CE86-4F1B-B02F-C1B91D1A79ED} = {FEAC36BB-1352-4995-8512-C57A4D84B3DD}
		{1CA0DD10-1E28-4CC1-9858-D42B7FB39379} = {1E0CF740-FB12-4719-BF13-22F13CC1C3D0}
	EndGlobalSection
EndGlobal
